
Microsoft Visual Studio Solution File, Format Version 12.00
# Visual Studio Express 2012 for Windows Desktop
Project("{FAE04EC0-301F-11D3-BF4B-00C04F79EFBC}") = "PineAdaptor", "PineAdaptor\PineAdaptor.csproj", "{9762C8AE-AD4F-4609-BEDF-62806408F0BF}"
EndProject
Global
	GlobalSection(SolutionConfigurationPlatforms) = preSolution
		Debug|Any CPU = Debug|Any CPU
		Release|Any CPU = Release|Any CPU
	EndGlobalSection
	GlobalSection(ProjectConfigurationPlatforms) = postSolution
		{9762C8AE-AD4F-4609-BEDF-62806408F0BF}.Debug|Any CPU.ActiveCfg = Debug|Any CPU
		{9762C8AE-AD4F-4609-BEDF-62806408F0BF}.Debug|Any CPU.Build.0 = Debug|Any CPU
		{9762C8AE-AD4F-4609-BEDF-62806408F0BF}.Release|Any CPU.ActiveCfg = Release|Any CPU
		{9762C8AE-AD4F-4609-BEDF-62806408F0BF}.Release|Any CPU.Build.0 = Release|Any CPU
	EndGlobalSection
	GlobalSection(SolutionProperties) = preSolution
		HideSolutionNode = FALSE
	EndGlobalSection
EndGlobal
